# This file is automatically @generated by Cargo.
# It is not intended for manual editing.
version = 4

[[package]]
name = "aoc_2025_1"
version = "0.1.0"
dependencies = [
 "iter_accumulate",
]

[[package]]
name = "iter_accumulate"
version = "1.0.1"
source = "registry+https://github.com/rust-lang/crates.io-index"
checksum = "cfc5546dc1f7da34a3e64ec279cddb49c488e9134d96d206f8e7b49f928a96b0"
